
Microsoft Visual Studio Solution File, Format Version 12.00
# Visual Studio Version 17
VisualStudioVersion = 17.8.34330.188
MinimumVisualStudioVersion = 10.0.40219.1
Project("{8BC9CEB8-8B4A-11D0-8D11-00A0C91BC942}") = "monster_gewehr", "monster_gewehr\monster_gewehr.vcxproj", "{EEEF5249-05F5-4041-AA8A-28E3EFB7B428}"
EndProject
Global
	GlobalSection(SolutionConfigurationPlatforms) = preSolution
		Debug|x64 = Debug|x64
		Debug|x86 = Debug|x86
		Release|x64 = Release|x64
		Release|x86 = Release|x86
	EndGlobalSection
	GlobalSection(ProjectConfigurationPlatforms) = postSolution
		{EEEF5249-05F5-4041-AA8A-28E3EFB7B428}.Debug|x64.ActiveCfg = Debug|x64
		{EEEF5249-05F5-4041-AA8A-28E3EFB7B428}.Debug|x64.Build.0 = Debug|x64
		{EEEF5249-05F5-4041-AA8A-28E3EFB7B428}.Debug|x86.ActiveCfg = Debug|Win32
		{EEEF5249-05F5-4041-AA8A-28E3EFB7B428}.Debug|x86.Build.0 = Debug|Win32
		{EEEF5249-05F5-4041-AA8A-28E3EFB7B428}.Release|x64.ActiveCfg = Release|x64
		{EEEF5249-05F5-4041-AA8A-28E3EFB7B428}.Release|x64.Build.0 = Release|x64
		{EEEF5249-05F5-4041-AA8A-28E3EFB7B428}.Release|x86.ActiveCfg = Release|Win32
		{EEEF5249-05F5-4041-AA8A-28E3EFB7B428}.Release|x86.Build.0 = Release|Win32
	EndGlobalSection
	GlobalSection(SolutionProperties) = preSolution
		HideSolutionNode = FALSE
	EndGlobalSection
	GlobalSection(ExtensibilityGlobals) = postSolution
		SolutionGuid = {128A2C68-D15E-4D78-A08C-79FB8414C89B}
	EndGlobalSection
EndGlobal
